<Solution>
    <Folder Name="/Src/">
        <Project Path="Src/BankTransferApp.Api/BankTransferApp.Api.csproj" />
        <Project Path="Src/BankTransferApp.AppHost/BankTransferApp.AppHost.csproj" />
        <Project Path="Src/BankTransferApp.Domain/BankTransferApp.Domain.csproj" />
        <Project Path="Src/BankTransferApp.Infrastructure/BankTransferApp.Infrastructure.csproj" />
        <Project Path="Src/BankTransferApp.ServiceDefaults/BankTransferApp.ServiceDefaults.csproj" />
    </Folder>
</Solution>
